// !$*UTF8*$!
{
	archiveVersion = 1;
	classes = {
	};
	objectVersion = 77;
	objects = {

/* Begin PBXBuildFile section */
		8EDE63302FE5B2FF0024E0D5 /* Assets.xcassets in Resources */ = {isa = PBXBuildFile; fileRef = 8EDE632E2FE5B2FF0024E0D5 /* Assets.xcassets */; };
		8EDE63312FE5B2FF0024E0D5 /* EventTap.swift in Sources */ = {isa = PBXBuildFile; fileRef = 8EDE63292FE5B2FF0024E0D5 /* EventTap.swift */; };
		8EDE63322FE5B2FF0024E0D5 /* ScreenCapture.swift in Sources */ = {isa = PBXBuildFile; fileRef = 8EDE63222FE5B2FF0024E0D5 /* ScreenCapture.swift */; };
		8EDE63332FE5B2FF0024E0D5 /* RepoScanner.swift in Sources */ = {isa = PBXBuildFile; fileRef = 8EDE63252FE5B2FF0024E0D5 /* RepoScanner.swift */; };
		8EDE63342FE5B2FF0024E0D5 /* OCREngine.swift in Sources */ = {isa = PBXBuildFile; fileRef = 8EDE63212FE5B2FF0024E0D5 /* OCREngine.swift */; };
		8EDE63352FE5B2FF0024E0D5 /* SymbolIndex.swift in Sources */ = {isa = PBXBuildFile; fileRef = 8EDE63272FE5B2FF0024E0D5 /* SymbolIndex.swift */; };
		8EDE63362FE5B2FF0024E0D5 /* TextInjector.swift in Sources */ = {isa = PBXBuildFile; fileRef = 8EDE632A2FE5B2FF0024E0D5 /* TextInjector.swift */; };
		8EDE63372FE5B2FF0024E0D5 /* AppDelegate.swift in Sources */ = {isa = PBXBuildFile; fileRef = 8EDE631E2FE5B2FF0024E0D5 /* AppDelegate.swift */; };
		8EDE63382FE5B2FF0024E0D5 /* OverlayWindow.swift in Sources */ = {isa = PBXBuildFile; fileRef = 8EDE631F2FE5B2FF0024E0D5 /* OverlayWindow.swift */; };
		8EDE63392FE5B2FF0024E0D5 /* RegexParser.swift in Sources */ = {isa = PBXBuildFile; fileRef = 8EDE63242FE5B2FF0024E0D5 /* RegexParser.swift */; };
		8EDE633A2FE5B2FF0024E0D5 /* Symbol.swift in Sources */ = {isa = PBXBuildFile; fileRef = 8EDE63262FE5B2FF0024E0D5 /* Symbol.swift */; };
		8EDE633B2FE5B2FF0024E0D5 /* SymbolPickerView.swift in Sources */ = {isa = PBXBuildFile; fileRef = 8EDE632C2FE5B2FF0024E0D5 /* SymbolPickerView.swift */; };
		8EDE633E2FE5B6410024E0D5 /* SwiftTreeSitter in Frameworks */ = {isa = PBXBuildFile; productRef = 8EDE633D2FE5B6410024E0D5 /* SwiftTreeSitter */; };
		8EDE63402FE5B6410024E0D5 /* SwiftTreeSitterLayer in Frameworks */ = {isa = PBXBuildFile; productRef = 8EDE633F2FE5B6410024E0D5 /* SwiftTreeSitterLayer */; };
		8EDE63F12FE5B2FF0024E0D5 /* SymbolPickerViewModel.swift in Sources */ = {isa = PBXBuildFile; fileRef = 8EDE63F22FE5B2FF0024E0D5 /* SymbolPickerViewModel.swift */; };
/* End PBXBuildFile section */

/* Begin PBXFileReference section */
		8E11A76A2FF2CDB100CA39BD /* SymbolScanTests.xctest */ = {isa = PBXFileReference; explicitFileType = wrapper.cfbundle; includeInIndex = 0; path = SymbolScanTests.xctest; sourceTree = BUILT_PRODUCTS_DIR; };
		8E3AEF872FE5A90E00A8E037 /* SymbolScan.app */ = {isa = PBXFileReference; explicitFileType = wrapper.application; includeInIndex = 0; path = SymbolScan.app; sourceTree = BUILT_PRODUCTS_DIR; };
		8EDE631E2FE5B2FF0024E0D5 /* AppDelegate.swift */ = {isa = PBXFileReference; lastKnownFileType = sourcecode.swift; path = AppDelegate.swift; sourceTree = "<group>"; };
		8EDE631F2FE5B2FF0024E0D5 /* OverlayWindow.swift */ = {isa = PBXFileReference; lastKnownFileType = sourcecode.swift; path = OverlayWindow.swift; sourceTree = "<group>"; };
		8EDE63212FE5B2FF0024E0D5 /* OCREngine.swift */ = {isa = PBXFileReference; lastKnownFileType = sourcecode.swift; path = OCREngine.swift; sourceTree = "<group>"; };
		8EDE63222FE5B2FF0024E0D5 /* ScreenCapture.swift */ = {isa = PBXFileReference; lastKnownFileType = sourcecode.swift; path = ScreenCapture.swift; sourceTree = "<group>"; };
		8EDE63242FE5B2FF0024E0D5 /* RegexParser.swift */ = {isa = PBXFileReference; lastKnownFileType = sourcecode.swift; path = RegexParser.swift; sourceTree = "<group>"; };
		8EDE63252FE5B2FF0024E0D5 /* RepoScanner.swift */ = {isa = PBXFileReference; lastKnownFileType = sourcecode.swift; path = RepoScanner.swift; sourceTree = "<group>"; };
		8EDE63262FE5B2FF0024E0D5 /* Symbol.swift */ = {isa = PBXFileReference; lastKnownFileType = sourcecode.swift; path = Symbol.swift; sourceTree = "<group>"; };
		8EDE63272FE5B2FF0024E0D5 /* SymbolIndex.swift */ = {isa = PBXFileReference; lastKnownFileType = sourcecode.swift; path = SymbolIndex.swift; sourceTree = "<group>"; };
		8EDE63292FE5B2FF0024E0D5 /* EventTap.swift */ = {isa = PBXFileReference; lastKnownFileType = sourcecode.swift; path = EventTap.swift; sourceTree = "<group>"; };
		8EDE632A2FE5B2FF0024E0D5 /* TextInjector.swift */ = {isa = PBXFileReference; lastKnownFileType = sourcecode.swift; path = TextInjector.swift; sourceTree = "<group>"; };
		8EDE632C2FE5B2FF0024E0D5 /* SymbolPickerView.swift */ = {isa = PBXFileReference; lastKnownFileType = sourcecode.swift; path = SymbolPickerView.swift; sourceTree = "<group>"; };
		8EDE632E2FE5B2FF0024E0D5 /* Assets.xcassets */ = {isa = PBXFileReference; lastKnownFileType = folder.assetcatalog; path = Assets.xcassets; sourceTree = "<group>"; };
		8EDE63F22FE5B2FF0024E0D5 /* SymbolPickerViewModel.swift */ = {isa = PBXFileReference; lastKnownFileType = sourcecode.swift; path = SymbolPickerViewModel.swift; sourceTree = "<group>"; };
/* End PBXFileReference section */

/* Begin PBXFileSystemSynchronizedRootGroup section */
		8E11A76B2FF2CDB100CA39BD /* SymbolScanTests */ = {
			isa = PBXFileSystemSynchronizedRootGroup;
			path = SymbolScanTests;
			sourceTree = "<group>";
		};
/* End PBXFileSystemSynchronizedRootGroup section */

/* Begin PBXFrameworksBuildPhase section */
		8E11A7672FF2CDB100CA39BD /* Frameworks */ = {
			isa = PBXFrameworksBuildPhase;
			buildActionMask = 2147483647;
			files = (
			);
			runOnlyForDeploymentPostprocessing = 0;
		};
		8E3AEF842FE5A90E00A8E037 /* Frameworks */ = {
			isa = PBXFrameworksBuildPhase;
			buildActionMask = 2147483647;
			files = (
				8EDE633E2FE5B6410024E0D5 /* SwiftTreeSitter in Frameworks */,
				8EDE63402FE5B6410024E0D5 /* SwiftTreeSitterLayer in Frameworks */,
			);
			runOnlyForDeploymentPostprocessing = 0;
		};
/* End PBXFrameworksBuildPhase section */

/* Begin PBXGroup section */
		8E3AEF7E2FE5A90E00A8E037 = {
			isa = PBXGroup;
			children = (
				8EDE632F2FE5B2FF0024E0D5 /* SymbolScan */,
				8E11A76B2FF2CDB100CA39BD /* SymbolScanTests */,
				8E3AEF882FE5A90E00A8E037 /* Products */,
			);
			sourceTree = "<group>";
		};
		8E3AEF882FE5A90E00A8E037 /* Products */ = {
			isa = PBXGroup;
			children = (
				8E3AEF872FE5A90E00A8E037 /* SymbolScan.app */,
				8E11A76A2FF2CDB100CA39BD /* SymbolScanTests.xctest */,
			);
			name = Products;
			sourceTree = "<group>";
		};
		8EDE63202FE5B2FF0024E0D5 /* App */ = {
			isa = PBXGroup;
			children = (
				8EDE631E2FE5B2FF0024E0D5 /* AppDelegate.swift */,
				8EDE631F2FE5B2FF0024E0D5 /* OverlayWindow.swift */,
			);
			path = App;
			sourceTree = "<group>";
		};
		8EDE63232FE5B2FF0024E0D5 /* Capture */ = {
			isa = PBXGroup;
			children = (
				8EDE63212FE5B2FF0024E0D5 /* OCREngine.swift */,
				8EDE63222FE5B2FF0024E0D5 /* ScreenCapture.swift */,
			);
			path = Capture;
			sourceTree = "<group>";
		};
		8EDE63282FE5B2FF0024E0D5 /* Index */ = {
			isa = PBXGroup;
			children = (
				8EDE63242FE5B2FF0024E0D5 /* RegexParser.swift */,
				8EDE63252FE5B2FF0024E0D5 /* RepoScanner.swift */,
				8EDE63262FE5B2FF0024E0D5 /* Symbol.swift */,
				8EDE63272FE5B2FF0024E0D5 /* SymbolIndex.swift */,
			);
			path = Index;
			sourceTree = "<group>";
		};
		8EDE632B2FE5B2FF0024E0D5 /* Input */ = {
			isa = PBXGroup;
			children = (
				8EDE63292FE5B2FF0024E0D5 /* EventTap.swift */,
				8EDE632A2FE5B2FF0024E0D5 /* TextInjector.swift */,
			);
			path = Input;
			sourceTree = "<group>";
		};
		8EDE632D2FE5B2FF0024E0D5 /* UI */ = {
			isa = PBXGroup;
			children = (
				8EDE632C2FE5B2FF0024E0D5 /* SymbolPickerView.swift */,
				8EDE63F22FE5B2FF0024E0D5 /* SymbolPickerViewModel.swift */,
			);
			path = UI;
			sourceTree = "<group>";
		};
		8EDE632F2FE5B2FF0024E0D5 /* SymbolScan */ = {
			isa = PBXGroup;
			children = (
				8EDE63202FE5B2FF0024E0D5 /* App */,
				8EDE63232FE5B2FF0024E0D5 /* Capture */,
				8EDE63282FE5B2FF0024E0D5 /* Index */,
				8EDE632B2FE5B2FF0024E0D5 /* Input */,
				8EDE632D2FE5B2FF0024E0D5 /* UI */,
				8EDE632E2FE5B2FF0024E0D5 /* Assets.xcassets */,
			);
			path = SymbolScan;
			sourceTree = "<group>";
		};
/* End PBXGroup section */

/* Begin PBXNativeTarget section */
		8E11A7692FF2CDB100CA39BD /* SymbolScanTests */ = {
			isa = PBXNativeTarget;
			buildConfigurationList = 8E11A7702FF2CDB100CA39BD /* Build configuration list for PBXNativeTarget "SymbolScanTests" */;
			buildPhases = (
				8E11A7662FF2CDB100CA39BD /* Sources */,
				8E11A7672FF2CDB100CA39BD /* Frameworks */,
				8E11A7682FF2CDB100CA39BD /* Resources */,
			);
			buildRules = (
			);
			dependencies = (
				A11CE5D000000000000000D1 /* PBXTargetDependency */,
			);
			fileSystemSynchronizedGroups = (
				8E11A76B2FF2CDB100CA39BD /* SymbolScanTests */,
			);
			name = SymbolScanTests;
			packageProductDependencies = (
			);
			productName = SymbolScanTests;
			productReference = 8E11A76A2FF2CDB100CA39BD /* SymbolScanTests.xctest */;
			productType = "com.apple.product-type.bundle.unit-test";
		};
		8E3AEF862FE5A90E00A8E037 /* SymbolScan */ = {
			isa = PBXNativeTarget;
			buildConfigurationList = 8E3AEF922FE5A90F00A8E037 /* Build configuration list for PBXNativeTarget "SymbolScan" */;
			buildPhases = (
				8E3AEF832FE5A90E00A8E037 /* Sources */,
				8E3AEF842FE5A90E00A8E037 /* Frameworks */,
				8E3AEF852FE5A90E00A8E037 /* Resources */,
			);
			buildRules = (
			);
			dependencies = (
			);
			name = SymbolScan;
			packageProductDependencies = (
				8EDE633D2FE5B6410024E0D5 /* SwiftTreeSitter */,
				8EDE633F2FE5B6410024E0D5 /* SwiftTreeSitterLayer */,
			);
			productName = SymbolScan;
			productReference = 8E3AEF872FE5A90E00A8E037 /* SymbolScan.app */;
			productType = "com.apple.product-type.application";
		};
/* End PBXNativeTarget section */

/* Begin PBXContainerItemProxy section */
		A11CE5D000000000000000C2 /* PBXContainerItemProxy */ = {
			isa = PBXContainerItemProxy;
			containerPortal = 8E3AEF7F2FE5A90E00A8E037 /* Project object */;
			proxyType = 1;
			remoteGlobalIDString = 8E3AEF862FE5A90E00A8E037;
			remoteInfo = SymbolScan;
		};
/* End PBXContainerItemProxy section */

/* Begin PBXTargetDependency section */
		A11CE5D000000000000000D1 /* PBXTargetDependency */ = {
			isa = PBXTargetDependency;
			target = 8E3AEF862FE5A90E00A8E037 /* SymbolScan */;
			targetProxy = A11CE5D000000000000000C2 /* PBXContainerItemProxy */;
		};
/* End PBXTargetDependency section */

/* Begin PBXProject section */
		8E3AEF7F2FE5A90E00A8E037 /* Project object */ = {
			isa = PBXProject;
			attributes = {
				BuildIndependentTargetsInParallel = 1;
				LastSwiftUpdateCheck = 2660;
				LastUpgradeCheck = 2650;
				TargetAttributes = {
					8E11A7692FF2CDB100CA39BD = {
						CreatedOnToolsVersion = 26.6;
					};
					8E3AEF862FE5A90E00A8E037 = {
						CreatedOnToolsVersion = 26.5;
					};
				};
			};
			buildConfigurationList = 8E3AEF822FE5A90E00A8E037 /* Build configuration list for PBXProject "SymbolScan" */;
			developmentRegion = en;
			hasScannedForEncodings = 0;
			knownRegions = (
				en,
				Base,
			);
			mainGroup = 8E3AEF7E2FE5A90E00A8E037;
			minimizedProjectReferenceProxies = 1;
			packageReferences = (
				8EDE633C2FE5B6410024E0D5 /* XCRemoteSwiftPackageReference "swift-tree-sitter" */,
			);
			preferredProjectObjectVersion = 77;
			productRefGroup = 8E3AEF882FE5A90E00A8E037 /* Products */;
			projectDirPath = "";
			projectRoot = "";
			targets = (
				8E3AEF862FE5A90E00A8E037 /* SymbolScan */,
				8E11A7692FF2CDB100CA39BD /* SymbolScanTests */,
			);
		};
/* End PBXProject section */

/* Begin PBXResourcesBuildPhase section */
		8E11A7682FF2CDB100CA39BD /* Resources */ = {
			isa = PBXResourcesBuildPhase;
			buildActionMask = 2147483647;
			files = (
			);
			runOnlyForDeploymentPostprocessing = 0;
		};
		8E3AEF852FE5A90E00A8E037 /* Resources */ = {
			isa = PBXResourcesBuildPhase;
			buildActionMask = 2147483647;
			files = (
				8EDE63302FE5B2FF0024E0D5 /* Assets.xcassets in Resources */,
			);
			runOnlyForDeploymentPostprocessing = 0;
		};
/* End PBXResourcesBuildPhase section */

/* Begin PBXSourcesBuildPhase section */
		8E11A7662FF2CDB100CA39BD /* Sources */ = {
			isa = PBXSourcesBuildPhase;
			buildActionMask = 2147483647;
			files = (
			);
			runOnlyForDeploymentPostprocessing = 0;
		};
		8E3AEF832FE5A90E00A8E037 /* Sources */ = {
			isa = PBXSourcesBuildPhase;
			buildActionMask = 2147483647;
			files = (
				8EDE63312FE5B2FF0024E0D5 /* EventTap.swift in Sources */,
				8EDE63322FE5B2FF0024E0D5 /* ScreenCapture.swift in Sources */,
				8EDE63332FE5B2FF0024E0D5 /* RepoScanner.swift in Sources */,
				8EDE63342FE5B2FF0024E0D5 /* OCREngine.swift in Sources */,
				8EDE63352FE5B2FF0024E0D5 /* SymbolIndex.swift in Sources */,
				8EDE63362FE5B2FF0024E0D5 /* TextInjector.swift in Sources */,
				8EDE63372FE5B2FF0024E0D5 /* AppDelegate.swift in Sources */,
				8EDE63382FE5B2FF0024E0D5 /* OverlayWindow.swift in Sources */,
				8EDE63392FE5B2FF0024E0D5 /* RegexParser.swift in Sources */,
				8EDE633A2FE5B2FF0024E0D5 /* Symbol.swift in Sources */,
				8EDE633B2FE5B2FF0024E0D5 /* SymbolPickerView.swift in Sources */,
				8EDE63F12FE5B2FF0024E0D5 /* SymbolPickerViewModel.swift in Sources */,
			);
			runOnlyForDeploymentPostprocessing = 0;
		};
/* End PBXSourcesBuildPhase section */

/* Begin XCBuildConfiguration section */
		8E11A76E2FF2CDB100CA39BD /* Debug */ = {
			isa = XCBuildConfiguration;
			buildSettings = {
				BUNDLE_LOADER = "$(TEST_HOST)";
				CODE_SIGN_STYLE = Automatic;
				CURRENT_PROJECT_VERSION = 1;
				DEVELOPMENT_TEAM = "";
				GENERATE_INFOPLIST_FILE = YES;
				MACOSX_DEPLOYMENT_TARGET = 26.0;
				MARKETING_VERSION = 1.0;
				PRODUCT_BUNDLE_IDENTIFIER = promethiumventures.SymbolScanTests;
				PRODUCT_NAME = "$(TARGET_NAME)";
				SDKROOT = macosx;
				STRING_CATALOG_GENERATE_SYMBOLS = NO;
				SUPPORTED_PLATFORMS = macosx;
				SWIFT_APPROACHABLE_CONCURRENCY = YES;
				SWIFT_EMIT_LOC_STRINGS = NO;
				SWIFT_UPCOMING_FEATURE_MEMBER_IMPORT_VISIBILITY = YES;
				SWIFT_VERSION = 5.0;
				TEST_HOST = "$(BUILT_PRODUCTS_DIR)/SymbolScan.app/Contents/MacOS/SymbolScan";
				TEST_TARGET_NAME = SymbolScan;
			};
			name = Debug;
		};
		8E11A76F2FF2CDB100CA39BD /* Release */ = {
			isa = XCBuildConfiguration;
			buildSettings = {
				BUNDLE_LOADER = "$(TEST_HOST)";
				CODE_SIGN_STYLE = Automatic;
				CURRENT_PROJECT_VERSION = 1;
				DEVELOPMENT_TEAM = "";
				GENERATE_INFOPLIST_FILE = YES;
				MACOSX_DEPLOYMENT_TARGET = 26.0;
				MARKETING_VERSION = 1.0;
				PRODUCT_BUNDLE_IDENTIFIER = promethiumventures.SymbolScanTests;
				PRODUCT_NAME = "$(TARGET_NAME)";
				SDKROOT = macosx;
				STRING_CATALOG_GENERATE_SYMBOLS = NO;
				SUPPORTED_PLATFORMS = macosx;
				SWIFT_APPROACHABLE_CONCURRENCY = YES;
				SWIFT_EMIT_LOC_STRINGS = NO;
				SWIFT_UPCOMING_FEATURE_MEMBER_IMPORT_VISIBILITY = YES;
				SWIFT_VERSION = 5.0;
				TEST_HOST = "$(BUILT_PRODUCTS_DIR)/SymbolScan.app/Contents/MacOS/SymbolScan";
				TEST_TARGET_NAME = SymbolScan;
				VALIDATE_PRODUCT = YES;
			};
			name = Release;
		};
		8E3AEF902FE5A90F00A8E037 /* Debug */ = {
			isa = XCBuildConfiguration;
			buildSettings = {
				ALWAYS_SEARCH_USER_PATHS = NO;
				ASSETCATALOG_COMPILER_GENERATE_SWIFT_ASSET_SYMBOL_EXTENSIONS = YES;
				CLANG_ANALYZER_NONNULL = YES;
				CLANG_ANALYZER_NUMBER_OBJECT_CONVERSION = YES_AGGRESSIVE;
				CLANG_CXX_LANGUAGE_STANDARD = "gnu++20";
				CLANG_ENABLE_MODULES = YES;
				CLANG_ENABLE_OBJC_ARC = YES;
				CLANG_ENABLE_OBJC_WEAK = YES;
				CLANG_WARN_BLOCK_CAPTURE_AUTORELEASING = YES;
				CLANG_WARN_BOOL_CONVERSION = YES;
				CLANG_WARN_COMMA = YES;
				CLANG_WARN_CONSTANT_CONVERSION = YES;
				CLANG_WARN_DEPRECATED_OBJC_IMPLEMENTATIONS = YES;
				CLANG_WARN_DIRECT_OBJC_ISA_USAGE = YES_ERROR;
				CLANG_WARN_DOCUMENTATION_COMMENTS = YES;
				CLANG_WARN_EMPTY_BODY = YES;
				CLANG_WARN_ENUM_CONVERSION = YES;
				CLANG_WARN_INFINITE_RECURSION = YES;
				CLANG_WARN_INT_CONVERSION = YES;
				CLANG_WARN_NON_LITERAL_NULL_CONVERSION = YES;
				CLANG_WARN_OBJC_IMPLICIT_RETAIN_SELF = YES;
				CLANG_WARN_OBJC_LITERAL_CONVERSION = YES;
				CLANG_WARN_OBJC_ROOT_CLASS = YES_ERROR;
				CLANG_WARN_QUOTED_INCLUDE_IN_FRAMEWORK_HEADER = YES;
				CLANG_WARN_RANGE_LOOP_ANALYSIS = YES;
				CLANG_WARN_STRICT_PROTOTYPES = YES;
				CLANG_WARN_SUSPICIOUS_MOVE = YES;
				CLANG_WARN_UNGUARDED_AVAILABILITY = YES_AGGRESSIVE;
				CLANG_WARN_UNREACHABLE_CODE = YES;
				CLANG_WARN__DUPLICATE_METHOD_MATCH = YES;
				COPY_PHASE_STRIP = NO;
				DEBUG_INFORMATION_FORMAT = dwarf;
				ENABLE_STRICT_OBJC_MSGSEND = YES;
				ENABLE_TESTABILITY = YES;
				ENABLE_USER_SCRIPT_SANDBOXING = YES;
				GCC_C_LANGUAGE_STANDARD = gnu17;
				GCC_DYNAMIC_NO_PIC = NO;
				GCC_NO_COMMON_BLOCKS = YES;
				GCC_OPTIMIZATION_LEVEL = 0;
				GCC_PREPROCESSOR_DEFINITIONS = (
					"DEBUG=1",
					"$(inherited)",
				);
				GCC_WARN_64_TO_32_BIT_CONVERSION = YES;
				GCC_WARN_ABOUT_RETURN_TYPE = YES_ERROR;
				GCC_WARN_UNDECLARED_SELECTOR = YES;
				GCC_WARN_UNINITIALIZED_AUTOS = YES_AGGRESSIVE;
				GCC_WARN_UNUSED_FUNCTION = YES;
				GCC_WARN_UNUSED_VARIABLE = YES;
				LOCALIZATION_PREFERS_STRING_CATALOGS = YES;
				MACOSX_DEPLOYMENT_TARGET = 26.0;
				MTL_ENABLE_DEBUG_INFO = INCLUDE_SOURCE;
				MTL_FAST_MATH = YES;
				ONLY_ACTIVE_ARCH = YES;
				SDKROOT = macosx;
				SWIFT_ACTIVE_COMPILATION_CONDITIONS = "DEBUG $(inherited)";
				SWIFT_OPTIMIZATION_LEVEL = "-Onone";
			};
			name = Debug;
		};
		8E3AEF912FE5A90F00A8E037 /* Release */ = {
			isa = XCBuildConfiguration;
			buildSettings = {
				ALWAYS_SEARCH_USER_PATHS = NO;
				ASSETCATALOG_COMPILER_GENERATE_SWIFT_ASSET_SYMBOL_EXTENSIONS = YES;
				CLANG_ANALYZER_NONNULL = YES;
				CLANG_ANALYZER_NUMBER_OBJECT_CONVERSION = YES_AGGRESSIVE;
				CLANG_CXX_LANGUAGE_STANDARD = "gnu++20";
				CLANG_ENABLE_MODULES = YES;
				CLANG_ENABLE_OBJC_ARC = YES;
				CLANG_ENABLE_OBJC_WEAK = YES;
				CLANG_WARN_BLOCK_CAPTURE_AUTORELEASING = YES;
				CLANG_WARN_BOOL_CONVERSION = YES;
				CLANG_WARN_COMMA = YES;
				CLANG_WARN_CONSTANT_CONVERSION = YES;
				CLANG_WARN_DEPRECATED_OBJC_IMPLEMENTATIONS = YES;
				CLANG_WARN_DIRECT_OBJC_ISA_USAGE = YES_ERROR;
				CLANG_WARN_DOCUMENTATION_COMMENTS = YES;
				CLANG_WARN_EMPTY_BODY = YES;
				CLANG_WARN_ENUM_CONVERSION = YES;
				CLANG_WARN_INFINITE_RECURSION = YES;
				CLANG_WARN_INT_CONVERSION = YES;
				CLANG_WARN_NON_LITERAL_NULL_CONVERSION = YES;
				CLANG_WARN_OBJC_IMPLICIT_RETAIN_SELF = YES;
				CLANG_WARN_OBJC_LITERAL_CONVERSION = YES;
				CLANG_WARN_OBJC_ROOT_CLASS = YES_ERROR;
				CLANG_WARN_QUOTED_INCLUDE_IN_FRAMEWORK_HEADER = YES;
				CLANG_WARN_RANGE_LOOP_ANALYSIS = YES;
				CLANG_WARN_STRICT_PROTOTYPES = YES;
				CLANG_WARN_SUSPICIOUS_MOVE = YES;
				CLANG_WARN_UNGUARDED_AVAILABILITY = YES_AGGRESSIVE;
				CLANG_WARN_UNREACHABLE_CODE = YES;
				CLANG_WARN__DUPLICATE_METHOD_MATCH = YES;
				COPY_PHASE_STRIP = NO;
				DEBUG_INFORMATION_FORMAT = "dwarf-with-dsym";
				ENABLE_NS_ASSERTIONS = NO;
				ENABLE_STRICT_OBJC_MSGSEND = YES;
				ENABLE_USER_SCRIPT_SANDBOXING = YES;
				GCC_C_LANGUAGE_STANDARD = gnu17;
				GCC_NO_COMMON_BLOCKS = YES;
				GCC_WARN_64_TO_32_BIT_CONVERSION = YES;
				GCC_WARN_ABOUT_RETURN_TYPE = YES_ERROR;
				GCC_WARN_UNDECLARED_SELECTOR = YES;
				GCC_WARN_UNINITIALIZED_AUTOS = YES_AGGRESSIVE;
				GCC_WARN_UNUSED_FUNCTION = YES;
				GCC_WARN_UNUSED_VARIABLE = YES;
				LOCALIZATION_PREFERS_STRING_CATALOGS = YES;
				MACOSX_DEPLOYMENT_TARGET = 26.0;
				MTL_ENABLE_DEBUG_INFO = NO;
				MTL_FAST_MATH = YES;
				SDKROOT = macosx;
				SWIFT_COMPILATION_MODE = wholemodule;
			};
			name = Release;
		};
		8E3AEF932FE5A90F00A8E037 /* Debug */ = {
			isa = XCBuildConfiguration;
			buildSettings = {
				ASSETCATALOG_COMPILER_APPICON_NAME = AppIcon;
				ASSETCATALOG_COMPILER_GLOBAL_ACCENT_COLOR_NAME = AccentColor;
				CODE_SIGN_STYLE = Automatic;
				COMBINE_HIDPI_IMAGES = YES;
				CURRENT_PROJECT_VERSION = 1;
				DEVELOPMENT_TEAM = "";
				ENABLE_APP_SANDBOX = NO;
				ENABLE_PREVIEWS = YES;
				GENERATE_INFOPLIST_FILE = YES;
				HEADER_SEARCH_PATHS = "~/Library/Developer/Xcode/DerivedData/SymbolScan-bzmmtyzltrkmxaejsedjqnraukac/SourcePackages/checkouts/swift-tree-sitter/tree-sitter-swift/src";
				INFOPLIST_KEY_NSHumanReadableCopyright = "";
				LD_RUNPATH_SEARCH_PATHS = (
					"$(inherited)",
					"@executable_path/../Frameworks",
				);
				MARKETING_VERSION = 1.0;
				PRODUCT_BUNDLE_IDENTIFIER = promethiumventures.SymbolScan;
				PRODUCT_NAME = "$(TARGET_NAME)";
				REGISTER_APP_GROUPS = YES;
				STRING_CATALOG_GENERATE_SYMBOLS = YES;
				SWIFT_APPROACHABLE_CONCURRENCY = YES;
				SWIFT_DEFAULT_ACTOR_ISOLATION = MainActor;
				SWIFT_EMIT_LOC_STRINGS = YES;
				SWIFT_UPCOMING_FEATURE_MEMBER_IMPORT_VISIBILITY = YES;
				SWIFT_VERSION = 5.0;
			};
			name = Debug;
		};
		8E3AEF942FE5A90F00A8E037 /* Release */ = {
			isa = XCBuildConfiguration;
			buildSettings = {
				ASSETCATALOG_COMPILER_APPICON_NAME = AppIcon;
				ASSETCATALOG_COMPILER_GLOBAL_ACCENT_COLOR_NAME = AccentColor;
				CODE_SIGN_STYLE = Automatic;
				COMBINE_HIDPI_IMAGES = YES;
				CURRENT_PROJECT_VERSION = 1;
				DEVELOPMENT_TEAM = "";
				ENABLE_APP_SANDBOX = NO;
				ENABLE_PREVIEWS = YES;
				GENERATE_INFOPLIST_FILE = YES;
				HEADER_SEARCH_PATHS = "~/Library/Developer/Xcode/DerivedData/SymbolScan-bzmmtyzltrkmxaejsedjqnraukac/SourcePackages/checkouts/swift-tree-sitter/tree-sitter-swift/src";
				INFOPLIST_KEY_NSHumanReadableCopyright = "";
				LD_RUNPATH_SEARCH_PATHS = (
					"$(inherited)",
					"@executable_path/../Frameworks",
				);
				MARKETING_VERSION = 1.0;
				PRODUCT_BUNDLE_IDENTIFIER = promethiumventures.SymbolScan;
				PRODUCT_NAME = "$(TARGET_NAME)";
				REGISTER_APP_GROUPS = YES;
				STRING_CATALOG_GENERATE_SYMBOLS = YES;
				SWIFT_APPROACHABLE_CONCURRENCY = YES;
				SWIFT_DEFAULT_ACTOR_ISOLATION = MainActor;
				SWIFT_EMIT_LOC_STRINGS = YES;
				SWIFT_UPCOMING_FEATURE_MEMBER_IMPORT_VISIBILITY = YES;
				SWIFT_VERSION = 5.0;
			};
			name = Release;
		};
/* End XCBuildConfiguration section */

/* Begin XCConfigurationList section */
		8E11A7702FF2CDB100CA39BD /* Build configuration list for PBXNativeTarget "SymbolScanTests" */ = {
			isa = XCConfigurationList;
			buildConfigurations = (
				8E11A76E2FF2CDB100CA39BD /* Debug */,
				8E11A76F2FF2CDB100CA39BD /* Release */,
			);
			defaultConfigurationIsVisible = 0;
			defaultConfigurationName = Release;
		};
		8E3AEF822FE5A90E00A8E037 /* Build configuration list for PBXProject "SymbolScan" */ = {
			isa = XCConfigurationList;
			buildConfigurations = (
				8E3AEF902FE5A90F00A8E037 /* Debug */,
				8E3AEF912FE5A90F00A8E037 /* Release */,
			);
			defaultConfigurationIsVisible = 0;
			defaultConfigurationName = Release;
		};
		8E3AEF922FE5A90F00A8E037 /* Build configuration list for PBXNativeTarget "SymbolScan" */ = {
			isa = XCConfigurationList;
			buildConfigurations = (
				8E3AEF932FE5A90F00A8E037 /* Debug */,
				8E3AEF942FE5A90F00A8E037 /* Release */,
			);
			defaultConfigurationIsVisible = 0;
			defaultConfigurationName = Release;
		};
/* End XCConfigurationList section */

/* Begin XCRemoteSwiftPackageReference section */
		8EDE633C2FE5B6410024E0D5 /* XCRemoteSwiftPackageReference "swift-tree-sitter" */ = {
			isa = XCRemoteSwiftPackageReference;
			repositoryURL = "https://github.com/tree-sitter/swift-tree-sitter";
			requirement = {
				kind = upToNextMajorVersion;
				minimumVersion = 0.25.0;
			};
		};
/* End XCRemoteSwiftPackageReference section */

/* Begin XCSwiftPackageProductDependency section */
		8EDE633D2FE5B6410024E0D5 /* SwiftTreeSitter */ = {
			isa = XCSwiftPackageProductDependency;
			package = 8EDE633C2FE5B6410024E0D5 /* XCRemoteSwiftPackageReference "swift-tree-sitter" */;
			productName = SwiftTreeSitter;
		};
		8EDE633F2FE5B6410024E0D5 /* SwiftTreeSitterLayer */ = {
			isa = XCSwiftPackageProductDependency;
			package = 8EDE633C2FE5B6410024E0D5 /* XCRemoteSwiftPackageReference "swift-tree-sitter" */;
			productName = SwiftTreeSitterLayer;
		};
/* End XCSwiftPackageProductDependency section */
	};
	rootObject = 8E3AEF7F2FE5A90E00A8E037 /* Project object */;
}
